
Microsoft Visual Studio Solution File, Format Version 12.00
# Visual Studio Version 16
VisualStudioVersion = 16.0.30517.126
MinimumVisualStudioVersion = 10.0.40219.1
Project("{FAE04EC0-301F-11D3-BF4B-00C04F79EFBC}") = "ExceptionsByteBank", "ExceptionsByteBank\ExceptionsByteBank.csproj", "{5E6CA557-63B4-4343-8B3C-1FE0A3D84E7C}"
EndProject
Global
	GlobalSection(SolutionConfigurationPlatforms) = preSolution
		Debug|Any CPU = Debug|Any CPU
		Release|Any CPU = Release|Any CPU
	EndGlobalSection
	GlobalSection(ProjectConfigurationPlatforms) = postSolution
		{5E6CA557-63B4-4343-8B3C-1FE0A3D84E7C}.Debug|Any CPU.ActiveCfg = Debug|Any CPU
		{5E6CA557-63B4-4343-8B3C-1FE0A3D84E7C}.Debug|Any CPU.Build.0 = Debug|Any CPU
		{5E6CA557-63B4-4343-8B3C-1FE0A3D84E7C}.Release|Any CPU.ActiveCfg = Release|Any CPU
		{5E6CA557-63B4-4343-8B3C-1FE0A3D84E7C}.Release|Any CPU.Build.0 = Release|Any CPU
	EndGlobalSection
	GlobalSection(SolutionProperties) = preSolution
		HideSolutionNode = FALSE
	EndGlobalSection
	GlobalSection(ExtensibilityGlobals) = postSolution
		SolutionGuid = {ED775343-D902-406D-85FB-D2BA9BEA7462}
	EndGlobalSection
EndGlobal
