
Microsoft Visual Studio Solution File, Format Version 12.00
# Visual Studio Version 16
VisualStudioVersion = 16.0.30204.135
MinimumVisualStudioVersion = 10.0.40219.1
Project("{FAE04EC0-301F-11D3-BF4B-00C04F79EFBC}") = "01-ByteBank", "01-ByteBank\01-ByteBank.csproj", "{53E4EA9D-8F60-4B85-B702-CB45CF29B599}"
EndProject
Project("{FAE04EC0-301F-11D3-BF4B-00C04F79EFBC}") = "02-ByteBank", "02-ByteBank\02-ByteBank.csproj", "{7DBAD4B5-CCF4-4A7E-B71A-D8C8A8FFE20F}"
EndProject
Project("{FAE04EC0-301F-11D3-BF4B-00C04F79EFBC}") = "03-ByteBank", "03-ByteBank\03-ByteBank.csproj", "{1C80DF01-167B-4907-AD60-71F572BA3D90}"
EndProject
Global
	GlobalSection(SolutionConfigurationPlatforms) = preSolution
		Debug|Any CPU = Debug|Any CPU
		Release|Any CPU = Release|Any CPU
	EndGlobalSection
	GlobalSection(ProjectConfigurationPlatforms) = postSolution
		{53E4EA9D-8F60-4B85-B702-CB45CF29B599}.Debug|Any CPU.ActiveCfg = Debug|Any CPU
		{53E4EA9D-8F60-4B85-B702-CB45CF29B599}.Debug|Any CPU.Build.0 = Debug|Any CPU
		{53E4EA9D-8F60-4B85-B702-CB45CF29B599}.Release|Any CPU.ActiveCfg = Release|Any CPU
		{53E4EA9D-8F60-4B85-B702-CB45CF29B599}.Release|Any CPU.Build.0 = Release|Any CPU
		{7DBAD4B5-CCF4-4A7E-B71A-D8C8A8FFE20F}.Debug|Any CPU.ActiveCfg = Debug|Any CPU
		{7DBAD4B5-CCF4-4A7E-B71A-D8C8A8FFE20F}.Debug|Any CPU.Build.0 = Debug|Any CPU
		{7DBAD4B5-CCF4-4A7E-B71A-D8C8A8FFE20F}.Release|Any CPU.ActiveCfg = Release|Any CPU
		{7DBAD4B5-CCF4-4A7E-B71A-D8C8A8FFE20F}.Release|Any CPU.Build.0 = Release|Any CPU
		{1C80DF01-167B-4907-AD60-71F572BA3D90}.Debug|Any CPU.ActiveCfg = Debug|Any CPU
		{1C80DF01-167B-4907-AD60-71F572BA3D90}.Debug|Any CPU.Build.0 = Debug|Any CPU
		{1C80DF01-167B-4907-AD60-71F572BA3D90}.Release|Any CPU.ActiveCfg = Release|Any CPU
		{1C80DF01-167B-4907-AD60-71F572BA3D90}.Release|Any CPU.Build.0 = Release|Any CPU
	EndGlobalSection
	GlobalSection(SolutionProperties) = preSolution
		HideSolutionNode = FALSE
	EndGlobalSection
	GlobalSection(ExtensibilityGlobals) = postSolution
		SolutionGuid = {BCE5FF50-5744-45A5-8F0F-9A3449C22D6F}
	EndGlobalSection
EndGlobal
