
Microsoft Visual Studio Solution File, Format Version 12.00
# Visual Studio Version 16
VisualStudioVersion = 16.0.30413.136
MinimumVisualStudioVersion = 10.0.40219.1
Project("{FAE04EC0-301F-11D3-BF4B-00C04F79EFBC}") = "Exercicios", "Exercicios\Exercicios.csproj", "{D9C84882-B07E-4DC3-9492-4E51E3DBF7D3}"
EndProject
Project("{FAE04EC0-301F-11D3-BF4B-00C04F79EFBC}") = "Exercicio-02", "Exercicio-2\Exercicio-02.csproj", "{20395559-392B-410E-8F3A-9205DAD96815}"
EndProject
Project("{FAE04EC0-301F-11D3-BF4B-00C04F79EFBC}") = "Exercicio-03", "Exercicio-3\Exercicio-03.csproj", "{D4B20393-76D5-4D5A-953E-791944F090F8}"
EndProject
Project("{FAE04EC0-301F-11D3-BF4B-00C04F79EFBC}") = "Exercicio-04", "Exercicio04\Exercicio-04.csproj", "{E8937512-7D16-456D-B555-F6C4BE4996CC}"
EndProject
Project("{FAE04EC0-301F-11D3-BF4B-00C04F79EFBC}") = "Exercicio-05", "Exercicio-05\Exercicio-05.csproj", "{EB7F8FE7-E1E6-4415-838E-A579019A4F78}"
EndProject
Project("{FAE04EC0-301F-11D3-BF4B-00C04F79EFBC}") = "Exercicio-06", "Exercicio-06\Exercicio-06.csproj", "{19D646F2-234C-4B23-9797-6595DEF23104}"
EndProject
Global
	GlobalSection(SolutionConfigurationPlatforms) = preSolution
		Debug|Any CPU = Debug|Any CPU
		Release|Any CPU = Release|Any CPU
	EndGlobalSection
	GlobalSection(ProjectConfigurationPlatforms) = postSolution
		{D9C84882-B07E-4DC3-9492-4E51E3DBF7D3}.Debug|Any CPU.ActiveCfg = Debug|Any CPU
		{D9C84882-B07E-4DC3-9492-4E51E3DBF7D3}.Debug|Any CPU.Build.0 = Debug|Any CPU
		{D9C84882-B07E-4DC3-9492-4E51E3DBF7D3}.Release|Any CPU.ActiveCfg = Release|Any CPU
		{D9C84882-B07E-4DC3-9492-4E51E3DBF7D3}.Release|Any CPU.Build.0 = Release|Any CPU
		{20395559-392B-410E-8F3A-9205DAD96815}.Debug|Any CPU.ActiveCfg = Debug|Any CPU
		{20395559-392B-410E-8F3A-9205DAD96815}.Debug|Any CPU.Build.0 = Debug|Any CPU
		{20395559-392B-410E-8F3A-9205DAD96815}.Release|Any CPU.ActiveCfg = Release|Any CPU
		{20395559-392B-410E-8F3A-9205DAD96815}.Release|Any CPU.Build.0 = Release|Any CPU
		{D4B20393-76D5-4D5A-953E-791944F090F8}.Debug|Any CPU.ActiveCfg = Debug|Any CPU
		{D4B20393-76D5-4D5A-953E-791944F090F8}.Debug|Any CPU.Build.0 = Debug|Any CPU
		{D4B20393-76D5-4D5A-953E-791944F090F8}.Release|Any CPU.ActiveCfg = Release|Any CPU
		{D4B20393-76D5-4D5A-953E-791944F090F8}.Release|Any CPU.Build.0 = Release|Any CPU
		{E8937512-7D16-456D-B555-F6C4BE4996CC}.Debug|Any CPU.ActiveCfg = Debug|Any CPU
		{E8937512-7D16-456D-B555-F6C4BE4996CC}.Debug|Any CPU.Build.0 = Debug|Any CPU
		{E8937512-7D16-456D-B555-F6C4BE4996CC}.Release|Any CPU.ActiveCfg = Release|Any CPU
		{E8937512-7D16-456D-B555-F6C4BE4996CC}.Release|Any CPU.Build.0 = Release|Any CPU
		{EB7F8FE7-E1E6-4415-838E-A579019A4F78}.Debug|Any CPU.ActiveCfg = Debug|Any CPU
		{EB7F8FE7-E1E6-4415-838E-A579019A4F78}.Debug|Any CPU.Build.0 = Debug|Any CPU
		{EB7F8FE7-E1E6-4415-838E-A579019A4F78}.Release|Any CPU.ActiveCfg = Release|Any CPU
		{EB7F8FE7-E1E6-4415-838E-A579019A4F78}.Release|Any CPU.Build.0 = Release|Any CPU
		{19D646F2-234C-4B23-9797-6595DEF23104}.Debug|Any CPU.ActiveCfg = Debug|Any CPU
		{19D646F2-234C-4B23-9797-6595DEF23104}.Debug|Any CPU.Build.0 = Debug|Any CPU
		{19D646F2-234C-4B23-9797-6595DEF23104}.Release|Any CPU.ActiveCfg = Release|Any CPU
		{19D646F2-234C-4B23-9797-6595DEF23104}.Release|Any CPU.Build.0 = Release|Any CPU
	EndGlobalSection
	GlobalSection(SolutionProperties) = preSolution
		HideSolutionNode = FALSE
	EndGlobalSection
	GlobalSection(ExtensibilityGlobals) = postSolution
		SolutionGuid = {B76B5EE4-0D02-4A20-8A9F-B748445B7247}
	EndGlobalSection
EndGlobal
